// !$*UTF8*$!
{
	archiveVersion = 1;
	classes = {
	};
	objectVersion = 46;
	objects = {

/* Begin PBXBuildFile section */
		0B0AAE2319A90D0000C8674D /* Foundation.framework in Frameworks */ = {isa = PBXBuildFile; fileRef = 0B0AAE2219A90D0000C8674D /* Foundation.framework */; };
		0B0AAE2519A90D0000C8674D /* CoreGraphics.framework in Frameworks */ = {isa = PBXBuildFile; fileRef = 0B0AAE2419A90D0000C8674D /* CoreGraphics.framework */; };
		0B0AAE2719A90D0000C8674D /* UIKit.framework in Frameworks */ = {isa = PBXBuildFile; fileRef = 0B0AAE2619A90D0000C8674D /* UIKit.framework */; };
		0B0AAE2D19A90D0000C8674D /* InfoPlist.strings in Resources */ = {isa = PBXBuildFile; fileRef = 0B0AAE2B19A90D0000C8674D /* InfoPlist.strings */; };
		0B0AAE2F19A90D0000C8674D /* main.m in Sources */ = {isa = PBXBuildFile; fileRef = 0B0AAE2E19A90D0000C8674D /* main.m */; };
		0B0AAE3319A90D0000C8674D /* AppDelegate.m in Sources */ = {isa = PBXBuildFile; fileRef = 0B0AAE3219A90D0000C8674D /* AppDelegate.m */; };
		0B0AAE3919A90D0000C8674D /* LoginViewController.m in Sources */ = {isa = PBXBuildFile; fileRef = 0B0AAE3819A90D0000C8674D /* LoginViewController.m */; };
		0B0AAE3B19A90D0000C8674D /* Images.xcassets in Resources */ = {isa = PBXBuildFile; fileRef = 0B0AAE3A19A90D0000C8674D /* Images.xcassets */; };
		0B0AAE4219A90D0000C8674D /* XCTest.framework in Frameworks */ = {isa = PBXBuildFile; fileRef = 0B0AAE4119A90D0000C8674D /* XCTest.framework */; };
		0B0AAE4319A90D0000C8674D /* Foundation.framework in Frameworks */ = {isa = PBXBuildFile; fileRef = 0B0AAE2219A90D0000C8674D /* Foundation.framework */; };
		0B0AAE4419A90D0000C8674D /* UIKit.framework in Frameworks */ = {isa = PBXBuildFile; fileRef = 0B0AAE2619A90D0000C8674D /* UIKit.framework */; };
		0B0AAE4C19A90D0000C8674D /* InfoPlist.strings in Resources */ = {isa = PBXBuildFile; fileRef = 0B0AAE4A19A90D0000C8674D /* InfoPlist.strings */; };
		0B0AAE4E19A90D0000C8674D /* AddictAidTests.m in Sources */ = {isa = PBXBuildFile; fileRef = 0B0AAE4D19A90D0000C8674D /* AddictAidTests.m */; };
		0B0AAE5819A90F0B00C8674D /* MapKit.framework in Frameworks */ = {isa = PBXBuildFile; fileRef = 0B0AAE5719A90F0B00C8674D /* MapKit.framework */; };
		0B0F205719AFF485005A9D02 /* quotes.json in Resources */ = {isa = PBXBuildFile; fileRef = 0B0F205619AFF485005A9D02 /* quotes.json */; };
		0B0F205B19B001EB005A9D02 /* QuoteDetailViewController.m in Sources */ = {isa = PBXBuildFile; fileRef = 0B0F205A19B001EB005A9D02 /* QuoteDetailViewController.m */; };
		0B7A589619C4C36700263489 /* SWRevealViewController.m in Sources */ = {isa = PBXBuildFile; fileRef = 0B7A589519C4C36700263489 /* SWRevealViewController.m */; };
		0B7A589919C4EAF800263489 /* ContactFriendViewController.m in Sources */ = {isa = PBXBuildFile; fileRef = 0B7A589819C4EAF800263489 /* ContactFriendViewController.m */; };
		0B8501E219BB84B2008AD9A9 /* MyProfileViewController.m in Sources */ = {isa = PBXBuildFile; fileRef = 0B8501E119BB84B2008AD9A9 /* MyProfileViewController.m */; };
		0B8EAD2219A9137200A1C8C0 /* Parse.framework in Frameworks */ = {isa = PBXBuildFile; fileRef = 0B8EAD2119A9137200A1C8C0 /* Parse.framework */; };
		0B8EAD2419A913AC00A1C8C0 /* AudioToolbox.framework in Frameworks */ = {isa = PBXBuildFile; fileRef = 0B8EAD2319A913AC00A1C8C0 /* AudioToolbox.framework */; };
		0B8EAD2619A913B500A1C8C0 /* CFNetwork.framework in Frameworks */ = {isa = PBXBuildFile; fileRef = 0B8EAD2519A913B500A1C8C0 /* CFNetwork.framework */; };
		0B8EAD2819A913C600A1C8C0 /* CoreLocation.framework in Frameworks */ = {isa = PBXBuildFile; fileRef = 0B8EAD2719A913C600A1C8C0 /* CoreLocation.framework */; };
		0B8EAD2A19A913D100A1C8C0 /* libz.dylib in Frameworks */ = {isa = PBXBuildFile; fileRef = 0B8EAD2919A913D100A1C8C0 /* libz.dylib */; };
		0B8EAD2C19A913DA00A1C8C0 /* MobileCoreServices.framework in Frameworks */ = {isa = PBXBuildFile; fileRef = 0B8EAD2B19A913DA00A1C8C0 /* MobileCoreServices.framework */; };
		0B8EAD2E19A913E100A1C8C0 /* QuartzCore.framework in Frameworks */ = {isa = PBXBuildFile; fileRef = 0B8EAD2D19A913E100A1C8C0 /* QuartzCore.framework */; };
		0B8EAD3019A913E900A1C8C0 /* Security.framework in Frameworks */ = {isa = PBXBuildFile; fileRef = 0B8EAD2F19A913E900A1C8C0 /* Security.framework */; };
		0B8EAD3219A913F000A1C8C0 /* StoreKit.framework in Frameworks */ = {isa = PBXBuildFile; fileRef = 0B8EAD3119A913F000A1C8C0 /* StoreKit.framework */; };
		0B8EAD3419A913F700A1C8C0 /* SystemConfiguration.framework in Frameworks */ = {isa = PBXBuildFile; fileRef = 0B8EAD3319A913F700A1C8C0 /* SystemConfiguration.framework */; };
		0B8EAD4919A9185200A1C8C0 /* AFHTTPRequestOperation.m in Sources */ = {isa = PBXBuildFile; fileRef = 0B8EAD3719A9185200A1C8C0 /* AFHTTPRequestOperation.m */; };
		0B8EAD4A19A9185200A1C8C0 /* AFHTTPRequestOperationManager.m in Sources */ = {isa = PBXBuildFile; fileRef = 0B8EAD3919A9185200A1C8C0 /* AFHTTPRequestOperationManager.m */; };
		0B8EAD4B19A9185200A1C8C0 /* AFHTTPSessionManager.m in Sources */ = {isa = PBXBuildFile; fileRef = 0B8EAD3B19A9185200A1C8C0 /* AFHTTPSessionManager.m */; };
		0B8EAD4C19A9185200A1C8C0 /* AFNetworkReachabilityManager.m in Sources */ = {isa = PBXBuildFile; fileRef = 0B8EAD3E19A9185200A1C8C0 /* AFNetworkReachabilityManager.m */; };
		0B8EAD4D19A9185200A1C8C0 /* AFSecurityPolicy.m in Sources */ = {isa = PBXBuildFile; fileRef = 0B8EAD4019A9185200A1C8C0 /* AFSecurityPolicy.m */; };
		0B8EAD4E19A9185200A1C8C0 /* AFURLConnectionOperation.m in Sources */ = {isa = PBXBuildFile; fileRef = 0B8EAD4219A9185200A1C8C0 /* AFURLConnectionOperation.m */; };
		0B8EAD4F19A9185200A1C8C0 /* AFURLRequestSerialization.m in Sources */ = {isa = PBXBuildFile; fileRef = 0B8EAD4419A9185200A1C8C0 /* AFURLRequestSerialization.m */; };
		0B8EAD5019A9185200A1C8C0 /* AFURLResponseSerialization.m in Sources */ = {isa = PBXBuildFile; fileRef = 0B8EAD4619A9185200A1C8C0 /* AFURLResponseSerialization.m */; };
		0B8EAD5119A9185200A1C8C0 /* AFURLSessionManager.m in Sources */ = {isa = PBXBuildFile; fileRef = 0B8EAD4819A9185200A1C8C0 /* AFURLSessionManager.m */; };
		0B8EAD5519A918E900A1C8C0 /* MBProgressHUD.m in Sources */ = {isa = PBXBuildFile; fileRef = 0B8EAD5419A918E900A1C8C0 /* MBProgressHUD.m */; };
		0B8EAD6319A91D9700A1C8C0 /* NewUserViewController.m in Sources */ = {isa = PBXBuildFile; fileRef = 0B8EAD6219A91D9700A1C8C0 /* NewUserViewController.m */; };
		0B8EAD6619A9214D00A1C8C0 /* welcome4.png in Resources */ = {isa = PBXBuildFile; fileRef = 0B8EAD6419A9214D00A1C8C0 /* welcome4.png */; };
		0B8EAD6719A9214D00A1C8C0 /* welcome5.png in Resources */ = {isa = PBXBuildFile; fileRef = 0B8EAD6519A9214D00A1C8C0 /* welcome5.png */; };
		0B99958D19AF9F97002F95D6 /* reveal-icon@2x.png in Resources */ = {isa = PBXBuildFile; fileRef = 0B99958C19AF9F97002F95D6 /* reveal-icon@2x.png */; };
		0B99959719AFA169002F95D6 /* glossary.json in Resources */ = {isa = PBXBuildFile; fileRef = 0B99959619AFA169002F95D6 /* glossary.json */; };
		0B99959919AFA17D002F95D6 /* locations.json in Resources */ = {isa = PBXBuildFile; fileRef = 0B99959819AFA17D002F95D6 /* locations.json */; };
		0B99959C19AFA2B3002F95D6 /* NSDictionary+Data.m in Sources */ = {isa = PBXBuildFile; fileRef = 0B99959B19AFA2B3002F95D6 /* NSDictionary+Data.m */; };
		0B99959F19AFB98B002F95D6 /* DefinitionDetailViewController.m in Sources */ = {isa = PBXBuildFile; fileRef = 0B99959E19AFB98B002F95D6 /* DefinitionDetailViewController.m */; };
		0B9C66A219BBD92000CC3D6A /* UsersListViewController.m in Sources */ = {isa = PBXBuildFile; fileRef = 0B9C66A119BBD92000CC3D6A /* UsersListViewController.m */; };
		0B9C66A519BBDA6200CC3D6A /* UserDetailViewController.m in Sources */ = {isa = PBXBuildFile; fileRef = 0B9C66A419BBDA6200CC3D6A /* UserDetailViewController.m */; };
		0B9C66A819BBE63D00CC3D6A /* ContactUserViewController.m in Sources */ = {isa = PBXBuildFile; fileRef = 0B9C66A719BBE63D00CC3D6A /* ContactUserViewController.m */; };
		0B9C66AB19BBF03B00CC3D6A /* MyMessagesViewController.m in Sources */ = {isa = PBXBuildFile; fileRef = 0B9C66AA19BBF03B00CC3D6A /* MyMessagesViewController.m */; };
		0B9C66AE19BBF58500CC3D6A /* DetailedMessageViewController.m in Sources */ = {isa = PBXBuildFile; fileRef = 0B9C66AD19BBF58500CC3D6A /* DetailedMessageViewController.m */; };
		0B9E31BE19A9244700C06D82 /* Constants.m in Sources */ = {isa = PBXBuildFile; fileRef = 0B9E31BD19A9244700C06D82 /* Constants.m */; };
		0B9E31C219A9252A00C06D82 /* MeetingsTableViewController.m in Sources */ = {isa = PBXBuildFile; fileRef = 0B9E31C119A9252A00C06D82 /* MeetingsTableViewController.m */; };
		0B9E31C519A9257C00C06D82 /* SidebarTableViewController.m in Sources */ = {isa = PBXBuildFile; fileRef = 0B9E31C419A9257C00C06D82 /* SidebarTableViewController.m */; };
		0B9E31C819A926F700C06D82 /* Bolts.framework in Frameworks */ = {isa = PBXBuildFile; fileRef = 0B9E31C719A926F700C06D82 /* Bolts.framework */; };
		0B9E31CD19A92A0000C06D82 /* Avenir_35_Light.ttf in Resources */ = {isa = PBXBuildFile; fileRef = 0B9E31CC19A92A0000C06D82 /* Avenir_35_Light.ttf */; };
		0BE0B12D19CBC4C7001D7DED /* DaysTableViewController.m in Sources */ = {isa = PBXBuildFile; fileRef = 0BE0B12C19CBC4C7001D7DED /* DaysTableViewController.m */; };
		0BE6048A19AD6BCE00BDEE58 /* HomeViewController.m in Sources */ = {isa = PBXBuildFile; fileRef = 0BE6048919AD6BCE00BDEE58 /* HomeViewController.m */; };
		0BE6048D19AD715800BDEE58 /* reveal-icon.png in Resources */ = {isa = PBXBuildFile; fileRef = 0BE6048B19AD715800BDEE58 /* reveal-icon.png */; };
		0BE6049119AD74AB00BDEE58 /* background4.png in Resources */ = {isa = PBXBuildFile; fileRef = 0BE6048F19AD74AB00BDEE58 /* background4.png */; };
		0BE6049219AD74AB00BDEE58 /* background5.png in Resources */ = {isa = PBXBuildFile; fileRef = 0BE6049019AD74AB00BDEE58 /* background5.png */; };
		0BE6049519AD76CA00BDEE58 /* AboutAddTableViewController.m in Sources */ = {isa = PBXBuildFile; fileRef = 0BE6049419AD76CA00BDEE58 /* AboutAddTableViewController.m */; };
		0BE6049819AD76DA00BDEE58 /* QuotesTableViewController.m in Sources */ = {isa = PBXBuildFile; fileRef = 0BE6049719AD76DA00BDEE58 /* QuotesTableViewController.m */; };
		0BE6049E19AD771800BDEE58 /* ContactUsViewController.m in Sources */ = {isa = PBXBuildFile; fileRef = 0BE6049D19AD771800BDEE58 /* ContactUsViewController.m */; };
		0BE9D55519D4EC02000BF875 /* MeetingsDetailViewController.m in Sources */ = {isa = PBXBuildFile; fileRef = 0BE9D55419D4EC02000BF875 /* MeetingsDetailViewController.m */; };
/* End PBXBuildFile section */

/* Begin PBXContainerItemProxy section */
		0B0AAE4519A90D0000C8674D /* PBXContainerItemProxy */ = {
			isa = PBXContainerItemProxy;
			containerPortal = 0B0AAE1719A90D0000C8674D /* Project object */;
			proxyType = 1;
			remoteGlobalIDString = 0B0AAE1E19A90D0000C8674D;
			remoteInfo = AddictAid;
		};
/* End PBXContainerItemProxy section */

/* Begin PBXFileReference section */
		0B0AAE1F19A90D0000C8674D /* AddictAid.app */ = {isa = PBXFileReference; explicitFileType = wrapper.application; includeInIndex = 0; path = AddictAid.app; sourceTree = BUILT_PRODUCTS_DIR; };
		0B0AAE2219A90D0000C8674D /* Foundation.framework */ = {isa = PBXFileReference; lastKnownFileType = wrapper.framework; name = Foundation.framework; path = System/Library/Frameworks/Foundation.framework; sourceTree = SDKROOT; };
		0B0AAE2419A90D0000C8674D /* CoreGraphics.framework */ = {isa = PBXFileReference; lastKnownFileType = wrapper.framework; name = CoreGraphics.framework; path = System/Library/Frameworks/CoreGraphics.framework; sourceTree = SDKROOT; };
		0B0AAE2619A90D0000C8674D /* UIKit.framework */ = {isa = PBXFileReference; lastKnownFileType = wrapper.framework; name = UIKit.framework; path = System/Library/Frameworks/UIKit.framework; sourceTree = SDKROOT; };
		0B0AAE2A19A90D0000C8674D /* AddictAid-Info.plist */ = {isa = PBXFileReference; lastKnownFileType = text.plist.xml; path = "AddictAid-Info.plist"; sourceTree = "<group>"; };
		0B0AAE2C19A90D0000C8674D /* en */ = {isa = PBXFileReference; lastKnownFileType = text.plist.strings; name = en; path = en.lproj/InfoPlist.strings; sourceTree = "<group>"; };
		0B0AAE2E19A90D0000C8674D /* main.m */ = {isa = PBXFileReference; lastKnownFileType = sourcecode.c.objc; path = main.m; sourceTree = "<group>"; };
		0B0AAE3019A90D0000C8674D /* AddictAid-Prefix.pch */ = {isa = PBXFileReference; lastKnownFileType = sourcecode.c.h; path = "AddictAid-Prefix.pch"; sourceTree = "<group>"; };
		0B0AAE3119A90D0000C8674D /* AppDelegate.h */ = {isa = PBXFileReference; lastKnownFileType = sourcecode.c.h; path = AppDelegate.h; sourceTree = "<group>"; };
		0B0AAE3219A90D0000C8674D /* AppDelegate.m */ = {isa = PBXFileReference; lastKnownFileType = sourcecode.c.objc; path = AppDelegate.m; sourceTree = "<group>"; };
		0B0AAE3719A90D0000C8674D /* LoginViewController.h */ = {isa = PBXFileReference; lastKnownFileType = sourcecode.c.h; path = LoginViewController.h; sourceTree = "<group>"; };
		0B0AAE3819A90D0000C8674D /* LoginViewController.m */ = {isa = PBXFileReference; lastKnownFileType = sourcecode.c.objc; path = LoginViewController.m; sourceTree = "<group>"; };
		0B0AAE3A19A90D0000C8674D /* Images.xcassets */ = {isa = PBXFileReference; lastKnownFileType = folder.assetcatalog; path = Images.xcassets; sourceTree = "<group>"; };
		0B0AAE4019A90D0000C8674D /* AddictAidTests.xctest */ = {isa = PBXFileReference; explicitFileType = wrapper.cfbundle; includeInIndex = 0; path = AddictAidTests.xctest; sourceTree = BUILT_PRODUCTS_DIR; };
		0B0AAE4119A90D0000C8674D /* XCTest.framework */ = {isa = PBXFileReference; lastKnownFileType = wrapper.framework; name = XCTest.framework; path = Library/Frameworks/XCTest.framework; sourceTree = DEVELOPER_DIR; };
		0B0AAE4919A90D0000C8674D /* AddictAidTests-Info.plist */ = {isa = PBXFileReference; lastKnownFileType = text.plist.xml; path = "AddictAidTests-Info.plist"; sourceTree = "<group>"; };
		0B0AAE4B19A90D0000C8674D /* en */ = {isa = PBXFileReference; lastKnownFileType = text.plist.strings; name = en; path = en.lproj/InfoPlist.strings; sourceTree = "<group>"; };
		0B0AAE4D19A90D0000C8674D /* AddictAidTests.m */ = {isa = PBXFileReference; lastKnownFileType = sourcecode.c.objc; path = AddictAidTests.m; sourceTree = "<group>"; };
		0B0AAE5719A90F0B00C8674D /* MapKit.framework */ = {isa = PBXFileReference; lastKnownFileType = wrapper.framework; name = MapKit.framework; path = System/Library/Frameworks/MapKit.framework; sourceTree = SDKROOT; };
		0B0F205619AFF485005A9D02 /* quotes.json */ = {isa = PBXFileReference; lastKnownFileType = text.json; name = quotes.json; path = ../quotes.json; sourceTree = "<group>"; };
		0B0F205919B001EB005A9D02 /* QuoteDetailViewController.h */ = {isa = PBXFileReference; fileEncoding = 4; lastKnownFileType = sourcecode.c.h; path = QuoteDetailViewController.h; sourceTree = "<group>"; };
		0B0F205A19B001EB005A9D02 /* QuoteDetailViewController.m */ = {isa = PBXFileReference; fileEncoding = 4; lastKnownFileType = sourcecode.c.objc; path = QuoteDetailViewController.m; sourceTree = "<group>"; };
		0B7A589419C4C36700263489 /* SWRevealViewController.h */ = {isa = PBXFileReference; fileEncoding = 4; lastKnownFileType = sourcecode.c.h; name = SWRevealViewController.h; path = AddictAid/SWRevealViewController.h; sourceTree = SOURCE_ROOT; };
		0B7A589519C4C36700263489 /* SWRevealViewController.m */ = {isa = PBXFileReference; fileEncoding = 4; lastKnownFileType = sourcecode.c.objc; name = SWRevealViewController.m; path = AddictAid/SWRevealViewController.m; sourceTree = SOURCE_ROOT; };
		0B7A589719C4EAF800263489 /* ContactFriendViewController.h */ = {isa = PBXFileReference; fileEncoding = 4; lastKnownFileType = sourcecode.c.h; path = ContactFriendViewController.h; sourceTree = "<group>"; };
		0B7A589819C4EAF800263489 /* ContactFriendViewController.m */ = {isa = PBXFileReference; fileEncoding = 4; lastKnownFileType = sourcecode.c.objc; path = ContactFriendViewController.m; sourceTree = "<group>"; };
		0B8501E019BB84B2008AD9A9 /* MyProfileViewController.h */ = {isa = PBXFileReference; fileEncoding = 4; lastKnownFileType = sourcecode.c.h; path = MyProfileViewController.h; sourceTree = "<group>"; };
		0B8501E119BB84B2008AD9A9 /* MyProfileViewController.m */ = {isa = PBXFileReference; fileEncoding = 4; lastKnownFileType = sourcecode.c.objc; path = MyProfileViewController.m; sourceTree = "<group>"; };
		0B8EAD2119A9137200A1C8C0 /* Parse.framework */ = {isa = PBXFileReference; lastKnownFileType = wrapper.framework; path = Parse.framework; sourceTree = "<group>"; };
		0B8EAD2319A913AC00A1C8C0 /* AudioToolbox.framework */ = {isa = PBXFileReference; lastKnownFileType = wrapper.framework; name = AudioToolbox.framework; path = System/Library/Frameworks/AudioToolbox.framework; sourceTree = SDKROOT; };
		0B8EAD2519A913B500A1C8C0 /* CFNetwork.framework */ = {isa = PBXFileReference; lastKnownFileType = wrapper.framework; name = CFNetwork.framework; path = System/Library/Frameworks/CFNetwork.framework; sourceTree = SDKROOT; };
		0B8EAD2719A913C600A1C8C0 /* CoreLocation.framework */ = {isa = PBXFileReference; lastKnownFileType = wrapper.framework; name = CoreLocation.framework; path = System/Library/Frameworks/CoreLocation.framework; sourceTree = SDKROOT; };
		0B8EAD2919A913D100A1C8C0 /* libz.dylib */ = {isa = PBXFileReference; lastKnownFileType = "compiled.mach-o.dylib"; name = libz.dylib; path = usr/lib/libz.dylib; sourceTree = SDKROOT; };
		0B8EAD2B19A913DA00A1C8C0 /* MobileCoreServices.framework */ = {isa = PBXFileReference; lastKnownFileType = wrapper.framework; name = MobileCoreServices.framework; path = System/Library/Frameworks/MobileCoreServices.framework; sourceTree = SDKROOT; };
		0B8EAD2D19A913E100A1C8C0 /* QuartzCore.framework */ = {isa = PBXFileReference; lastKnownFileType = wrapper.framework; name = QuartzCore.framework; path = System/Library/Frameworks/QuartzCore.framework; sourceTree = SDKROOT; };
		0B8EAD2F19A913E900A1C8C0 /* Security.framework */ = {isa = PBXFileReference; lastKnownFileType = wrapper.framework; name = Security.framework; path = System/Library/Frameworks/Security.framework; sourceTree = SDKROOT; };
		0B8EAD3119A913F000A1C8C0 /* StoreKit.framework */ = {isa = PBXFileReference; lastKnownFileType = wrapper.framework; name = StoreKit.framework; path = System/Library/Frameworks/StoreKit.framework; sourceTree = SDKROOT; };
		0B8EAD3319A913F700A1C8C0 /* SystemConfiguration.framework */ = {isa = PBXFileReference; lastKnownFileType = wrapper.framework; name = SystemConfiguration.framework; path = System/Library/Frameworks/SystemConfiguration.framework; sourceTree = SDKROOT; };
		0B8EAD3619A9185200A1C8C0 /* AFHTTPRequestOperation.h */ = {isa = PBXFileReference; fileEncoding = 4; lastKnownFileType = sourcecode.c.h; path = AFHTTPRequestOperation.h; sourceTree = "<group>"; };
		0B8EAD3719A9185200A1C8C0 /* AFHTTPRequestOperation.m */ = {isa = PBXFileReference; fileEncoding = 4; lastKnownFileType = sourcecode.c.objc; path = AFHTTPRequestOperation.m; sourceTree = "<group>"; };
		0B8EAD3819A9185200A1C8C0 /* AFHTTPRequestOperationManager.h */ = {isa = PBXFileReference; fileEncoding = 4; lastKnownFileType = sourcecode.c.h; path = AFHTTPRequestOperationManager.h; sourceTree = "<group>"; };
		0B8EAD3919A9185200A1C8C0 /* AFHTTPRequestOperationManager.m */ = {isa = PBXFileReference; fileEncoding = 4; lastKnownFileType = sourcecode.c.objc; path = AFHTTPRequestOperationManager.m; sourceTree = "<group>"; };
		0B8EAD3A19A9185200A1C8C0 /* AFHTTPSessionManager.h */ = {isa = PBXFileReference; fileEncoding = 4; lastKnownFileType = sourcecode.c.h; path = AFHTTPSessionManager.h; sourceTree = "<group>"; };
		0B8EAD3B19A9185200A1C8C0 /* AFHTTPSessionManager.m */ = {isa = PBXFileReference; fileEncoding = 4; lastKnownFileType = sourcecode.c.objc; path = AFHTTPSessionManager.m; sourceTree = "<group>"; };
		0B8EAD3C19A9185200A1C8C0 /* AFNetworking.h */ = {isa = PBXFileReference; fileEncoding = 4; lastKnownFileType = sourcecode.c.h; path = AFNetworking.h; sourceTree = "<group>"; };
		0B8EAD3D19A9185200A1C8C0 /* AFNetworkReachabilityManager.h */ = {isa = PBXFileReference; fileEncoding = 4; lastKnownFileType = sourcecode.c.h; path = AFNetworkReachabilityManager.h; sourceTree = "<group>"; };
		0B8EAD3E19A9185200A1C8C0 /* AFNetworkReachabilityManager.m */ = {isa = PBXFileReference; fileEncoding = 4; lastKnownFileType = sourcecode.c.objc; path = AFNetworkReachabilityManager.m; sourceTree = "<group>"; };
		0B8EAD3F19A9185200A1C8C0 /* AFSecurityPolicy.h */ = {isa = PBXFileReference; fileEncoding = 4; lastKnownFileType = sourcecode.c.h; path = AFSecurityPolicy.h; sourceTree = "<group>"; };
		0B8EAD4019A9185200A1C8C0 /* AFSecurityPolicy.m */ = {isa = PBXFileReference; fileEncoding = 4; lastKnownFileType = sourcecode.c.objc; path = AFSecurityPolicy.m; sourceTree = "<group>"; };
		0B8EAD4119A9185200A1C8C0 /* AFURLConnectionOperation.h */ = {isa = PBXFileReference; fileEncoding = 4; lastKnownFileType = sourcecode.c.h; path = AFURLConnectionOperation.h; sourceTree = "<group>"; };
		0B8EAD4219A9185200A1C8C0 /* AFURLConnectionOperation.m */ = {isa = PBXFileReference; fileEncoding = 4; lastKnownFileType = sourcecode.c.objc; path = AFURLConnectionOperation.m; sourceTree = "<group>"; };
		0B8EAD4319A9185200A1C8C0 /* AFURLRequestSerialization.h */ = {isa = PBXFileReference; fileEncoding = 4; lastKnownFileType = sourcecode.c.h; path = AFURLRequestSerialization.h; sourceTree = "<group>"; };
		0B8EAD4419A9185200A1C8C0 /* AFURLRequestSerialization.m */ = {isa = PBXFileReference; fileEncoding = 4; lastKnownFileType = sourcecode.c.objc; path = AFURLRequestSerialization.m; sourceTree = "<group>"; };
		0B8EAD4519A9185200A1C8C0 /* AFURLResponseSerialization.h */ = {isa = PBXFileReference; fileEncoding = 4; lastKnownFileType = sourcecode.c.h; path = AFURLResponseSerialization.h; sourceTree = "<group>"; };
		0B8EAD4619A9185200A1C8C0 /* AFURLResponseSerialization.m */ = {isa = PBXFileReference; fileEncoding = 4; lastKnownFileType = sourcecode.c.objc; path = AFURLResponseSerialization.m; sourceTree = "<group>"; };
		0B8EAD4719A9185200A1C8C0 /* AFURLSessionManager.h */ = {isa = PBXFileReference; fileEncoding = 4; lastKnownFileType = sourcecode.c.h; path = AFURLSessionManager.h; sourceTree = "<group>"; };
		0B8EAD4819A9185200A1C8C0 /* AFURLSessionManager.m */ = {isa = PBXFileReference; fileEncoding = 4; lastKnownFileType = sourcecode.c.objc; path = AFURLSessionManager.m; sourceTree = "<group>"; };
		0B8EAD5319A918E900A1C8C0 /* MBProgressHUD.h */ = {isa = PBXFileReference; fileEncoding = 4; lastKnownFileType = sourcecode.c.h; path = MBProgressHUD.h; sourceTree = "<group>"; };
		0B8EAD5419A918E900A1C8C0 /* MBProgressHUD.m */ = {isa = PBXFileReference; fileEncoding = 4; lastKnownFileType = sourcecode.c.objc; path = MBProgressHUD.m; sourceTree = "<group>"; };
		0B8EAD6119A91D9700A1C8C0 /* NewUserViewController.h */ = {isa = PBXFileReference; fileEncoding = 4; lastKnownFileType = sourcecode.c.h; path = NewUserViewController.h; sourceTree = "<group>"; };
		0B8EAD6219A91D9700A1C8C0 /* NewUserViewController.m */ = {isa = PBXFileReference; fileEncoding = 4; lastKnownFileType = sourcecode.c.objc; path = NewUserViewController.m; sourceTree = "<group>"; };
		0B8EAD6419A9214D00A1C8C0 /* welcome4.png */ = {isa = PBXFileReference; lastKnownFileType = image.png; path = welcome4.png; sourceTree = "<group>"; };
		0B8EAD6519A9214D00A1C8C0 /* welcome5.png */ = {isa = PBXFileReference; lastKnownFileType = image.png; path = welcome5.png; sourceTree = "<group>"; };
		0B99958C19AF9F97002F95D6 /* reveal-icon@2x.png */ = {isa = PBXFileReference; lastKnownFileType = image.png; path = "reveal-icon@2x.png"; sourceTree = "<group>"; };
		0B99959619AFA169002F95D6 /* glossary.json */ = {isa = PBXFileReference; lastKnownFileType = text.json; name = glossary.json; path = ../glossary.json; sourceTree = "<group>"; };
		0B99959819AFA17D002F95D6 /* locations.json */ = {isa = PBXFileReference; lastKnownFileType = text.json; name = locations.json; path = ../locations.json; sourceTree = "<group>"; };
		0B99959A19AFA2B3002F95D6 /* NSDictionary+Data.h */ = {isa = PBXFileReference; fileEncoding = 4; lastKnownFileType = sourcecode.c.h; path = "NSDictionary+Data.h"; sourceTree = "<group>"; };
		0B99959B19AFA2B3002F95D6 /* NSDictionary+Data.m */ = {isa = PBXFileReference; fileEncoding = 4; lastKnownFileType = sourcecode.c.objc; path = "NSDictionary+Data.m"; sourceTree = "<group>"; };
		0B99959D19AFB98B002F95D6 /* DefinitionDetailViewController.h */ = {isa = PBXFileReference; fileEncoding = 4; lastKnownFileType = sourcecode.c.h; path = DefinitionDetailViewController.h; sourceTree = "<group>"; };
		0B99959E19AFB98B002F95D6 /* DefinitionDetailViewController.m */ = {isa = PBXFileReference; fileEncoding = 4; lastKnownFileType = sourcecode.c.objc; path = DefinitionDetailViewController.m; sourceTree = "<group>"; };
		0B9C66A019BBD92000CC3D6A /* UsersListViewController.h */ = {isa = PBXFileReference; fileEncoding = 4; lastKnownFileType = sourcecode.c.h; path = UsersListViewController.h; sourceTree = "<group>"; };
		0B9C66A119BBD92000CC3D6A /* UsersListViewController.m */ = {isa = PBXFileReference; fileEncoding = 4; lastKnownFileType = sourcecode.c.objc; path = UsersListViewController.m; sourceTree = "<group>"; };
		0B9C66A319BBDA6200CC3D6A /* UserDetailViewController.h */ = {isa = PBXFileReference; fileEncoding = 4; lastKnownFileType = sourcecode.c.h; path = UserDetailViewController.h; sourceTree = "<group>"; };
		0B9C66A419BBDA6200CC3D6A /* UserDetailViewController.m */ = {isa = PBXFileReference; fileEncoding = 4; lastKnownFileType = sourcecode.c.objc; path = UserDetailViewController.m; sourceTree = "<group>"; };
		0B9C66A619BBE63D00CC3D6A /* ContactUserViewController.h */ = {isa = PBXFileReference; fileEncoding = 4; lastKnownFileType = sourcecode.c.h; path = ContactUserViewController.h; sourceTree = "<group>"; };
		0B9C66A719BBE63D00CC3D6A /* ContactUserViewController.m */ = {isa = PBXFileReference; fileEncoding = 4; lastKnownFileType = sourcecode.c.objc; path = ContactUserViewController.m; sourceTree = "<group>"; };
		0B9C66A919BBF03B00CC3D6A /* MyMessagesViewController.h */ = {isa = PBXFileReference; fileEncoding = 4; lastKnownFileType = sourcecode.c.h; path = MyMessagesViewController.h; sourceTree = "<group>"; };
		0B9C66AA19BBF03B00CC3D6A /* MyMessagesViewController.m */ = {isa = PBXFileReference; fileEncoding = 4; lastKnownFileType = sourcecode.c.objc; path = MyMessagesViewController.m; sourceTree = "<group>"; };
		0B9C66AC19BBF58500CC3D6A /* DetailedMessageViewController.h */ = {isa = PBXFileReference; fileEncoding = 4; lastKnownFileType = sourcecode.c.h; path = DetailedMessageViewController.h; sourceTree = "<group>"; };
		0B9C66AD19BBF58500CC3D6A /* DetailedMessageViewController.m */ = {isa = PBXFileReference; fileEncoding = 4; lastKnownFileType = sourcecode.c.objc; path = DetailedMessageViewController.m; sourceTree = "<group>"; };
		0B9E31BC19A9244700C06D82 /* Constants.h */ = {isa = PBXFileReference; fileEncoding = 4; lastKnownFileType = sourcecode.c.h; path = Constants.h; sourceTree = "<group>"; };
		0B9E31BD19A9244700C06D82 /* Constants.m */ = {isa = PBXFileReference; fileEncoding = 4; lastKnownFileType = sourcecode.c.objc; path = Constants.m; sourceTree = "<group>"; };
		0B9E31C019A9252A00C06D82 /* MeetingsTableViewController.h */ = {isa = PBXFileReference; fileEncoding = 4; lastKnownFileType = sourcecode.c.h; path = MeetingsTableViewController.h; sourceTree = "<group>"; };
		0B9E31C119A9252A00C06D82 /* MeetingsTableViewController.m */ = {isa = PBXFileReference; fileEncoding = 4; lastKnownFileType = sourcecode.c.objc; path = MeetingsTableViewController.m; sourceTree = "<group>"; };
		0B9E31C319A9257C00C06D82 /* SidebarTableViewController.h */ = {isa = PBXFileReference; fileEncoding = 4; lastKnownFileType = sourcecode.c.h; path = SidebarTableViewController.h; sourceTree = "<group>"; };
		0B9E31C419A9257C00C06D82 /* SidebarTableViewController.m */ = {isa = PBXFileReference; fileEncoding = 4; lastKnownFileType = sourcecode.c.objc; path = SidebarTableViewController.m; sourceTree = "<group>"; };
		0B9E31C719A926F700C06D82 /* Bolts.framework */ = {isa = PBXFileReference; lastKnownFileType = wrapper.framework; path = Bolts.framework; sourceTree = "<group>"; };
		0B9E31CC19A92A0000C06D82 /* Avenir_35_Light.ttf */ = {isa = PBXFileReference; lastKnownFileType = file; path = Avenir_35_Light.ttf; sourceTree = "<group>"; };
		0BE0B12B19CBC4C7001D7DED /* DaysTableViewController.h */ = {isa = PBXFileReference; fileEncoding = 4; lastKnownFileType = sourcecode.c.h; path = DaysTableViewController.h; sourceTree = "<group>"; };
		0BE0B12C19CBC4C7001D7DED /* DaysTableViewController.m */ = {isa = PBXFileReference; fileEncoding = 4; lastKnownFileType = sourcecode.c.objc; path = DaysTableViewController.m; sourceTree = "<group>"; };
		0BE6048819AD6BCE00BDEE58 /* HomeViewController.h */ = {isa = PBXFileReference; fileEncoding = 4; lastKnownFileType = sourcecode.c.h; path = HomeViewController.h; sourceTree = "<group>"; };
		0BE6048919AD6BCE00BDEE58 /* HomeViewController.m */ = {isa = PBXFileReference; fileEncoding = 4; lastKnownFileType = sourcecode.c.objc; path = HomeViewController.m; sourceTree = "<group>"; };
		0BE6048B19AD715800BDEE58 /* reveal-icon.png */ = {isa = PBXFileReference; lastKnownFileType = image.png; path = "reveal-icon.png"; sourceTree = "<group>"; };
		0BE6048F19AD74AB00BDEE58 /* background4.png */ = {isa = PBXFileReference; lastKnownFileType = image.png; path = background4.png; sourceTree = "<group>"; };
		0BE6049019AD74AB00BDEE58 /* background5.png */ = {isa = PBXFileReference; lastKnownFileType = image.png; path = background5.png; sourceTree = "<group>"; };
		0BE6049319AD76CA00BDEE58 /* AboutAddTableViewController.h */ = {isa = PBXFileReference; fileEncoding = 4; lastKnownFileType = sourcecode.c.h; path = AboutAddTableViewController.h; sourceTree = "<group>"; };
		0BE6049419AD76CA00BDEE58 /* AboutAddTableViewController.m */ = {isa = PBXFileReference; fileEncoding = 4; lastKnownFileType = sourcecode.c.objc; path = AboutAddTableViewController.m; sourceTree = "<group>"; };
		0BE6049619AD76DA00BDEE58 /* QuotesTableViewController.h */ = {isa = PBXFileReference; fileEncoding = 4; lastKnownFileType = sourcecode.c.h; path = QuotesTableViewController.h; sourceTree = "<group>"; };
		0BE6049719AD76DA00BDEE58 /* QuotesTableViewController.m */ = {isa = PBXFileReference; fileEncoding = 4; lastKnownFileType = sourcecode.c.objc; path = QuotesTableViewController.m; sourceTree = "<group>"; };
		0BE6049C19AD771800BDEE58 /* ContactUsViewController.h */ = {isa = PBXFileReference; fileEncoding = 4; lastKnownFileType = sourcecode.c.h; path = ContactUsViewController.h; sourceTree = "<group>"; };
		0BE6049D19AD771800BDEE58 /* ContactUsViewController.m */ = {isa = PBXFileReference; fileEncoding = 4; lastKnownFileType = sourcecode.c.objc; path = ContactUsViewController.m; sourceTree = "<group>"; };
		0BE9D55319D4EC02000BF875 /* MeetingsDetailViewController.h */ = {isa = PBXFileReference; fileEncoding = 4; lastKnownFileType = sourcecode.c.h; path = MeetingsDetailViewController.h; sourceTree = "<group>"; };
		0BE9D55419D4EC02000BF875 /* MeetingsDetailViewController.m */ = {isa = PBXFileReference; fileEncoding = 4; lastKnownFileType = sourcecode.c.objc; path = MeetingsDetailViewController.m; sourceTree = "<group>"; };
/* End PBXFileReference section */

/* Begin PBXFrameworksBuildPhase section */
		0B0AAE1C19A90D0000C8674D /* Frameworks */ = {
			isa = PBXFrameworksBuildPhase;
			buildActionMask = 2147483647;
			files = (
				0B9E31C819A926F700C06D82 /* Bolts.framework in Frameworks */,
				0B8EAD3419A913F700A1C8C0 /* SystemConfiguration.framework in Frameworks */,
				0B8EAD3219A913F000A1C8C0 /* StoreKit.framework in Frameworks */,
				0B8EAD3019A913E900A1C8C0 /* Security.framework in Frameworks */,
				0B8EAD2E19A913E100A1C8C0 /* QuartzCore.framework in Frameworks */,
				0B8EAD2C19A913DA00A1C8C0 /* MobileCoreServices.framework in Frameworks */,
				0B8EAD2A19A913D100A1C8C0 /* libz.dylib in Frameworks */,
				0B8EAD2819A913C600A1C8C0 /* CoreLocation.framework in Frameworks */,
				0B0AAE2519A90D0000C8674D /* CoreGraphics.framework in Frameworks */,
				0B8EAD2619A913B500A1C8C0 /* CFNetwork.framework in Frameworks */,
				0B8EAD2419A913AC00A1C8C0 /* AudioToolbox.framework in Frameworks */,
				0B0AAE2719A90D0000C8674D /* UIKit.framework in Frameworks */,
				0B0AAE5819A90F0B00C8674D /* MapKit.framework in Frameworks */,
				0B0AAE2319A90D0000C8674D /* Foundation.framework in Frameworks */,
				0B8EAD2219A9137200A1C8C0 /* Parse.framework in Frameworks */,
			);
			runOnlyForDeploymentPostprocessing = 0;
		};
		0B0AAE3D19A90D0000C8674D /* Frameworks */ = {
			isa = PBXFrameworksBuildPhase;
			buildActionMask = 2147483647;
			files = (
				0B0AAE4219A90D0000C8674D /* XCTest.framework in Frameworks */,
				0B0AAE4419A90D0000C8674D /* UIKit.framework in Frameworks */,
				0B0AAE4319A90D0000C8674D /* Foundation.framework in Frameworks */,
			);
			runOnlyForDeploymentPostprocessing = 0;
		};
/* End PBXFrameworksBuildPhase section */

/* Begin PBXGroup section */
		0B0AAE1619A90D0000C8674D = {
			isa = PBXGroup;
			children = (
				0B0AAE2819A90D0000C8674D /* AddictAid */,
				0B0AAE4719A90D0000C8674D /* AddictAidTests */,
				0B0AAE2119A90D0000C8674D /* Frameworks */,
				0B0AAE2019A90D0000C8674D /* Products */,
			);
			sourceTree = "<group>";
		};
		0B0AAE2019A90D0000C8674D /* Products */ = {
			isa = PBXGroup;
			children = (
				0B0AAE1F19A90D0000C8674D /* AddictAid.app */,
				0B0AAE4019A90D0000C8674D /* AddictAidTests.xctest */,
			);
			name = Products;
			sourceTree = "<group>";
		};
		0B0AAE2119A90D0000C8674D /* Frameworks */ = {
			isa = PBXGroup;
			children = (
				0B9E31C719A926F700C06D82 /* Bolts.framework */,
				0B8EAD3319A913F700A1C8C0 /* SystemConfiguration.framework */,
				0B8EAD3119A913F000A1C8C0 /* StoreKit.framework */,
				0B8EAD2F19A913E900A1C8C0 /* Security.framework */,
				0B8EAD2D19A913E100A1C8C0 /* QuartzCore.framework */,
				0B8EAD2B19A913DA00A1C8C0 /* MobileCoreServices.framework */,
				0B8EAD2919A913D100A1C8C0 /* libz.dylib */,
				0B8EAD2719A913C600A1C8C0 /* CoreLocation.framework */,
				0B8EAD2519A913B500A1C8C0 /* CFNetwork.framework */,
				0B8EAD2319A913AC00A1C8C0 /* AudioToolbox.framework */,
				0B8EAD2119A9137200A1C8C0 /* Parse.framework */,
				0B0AAE5719A90F0B00C8674D /* MapKit.framework */,
				0B0AAE2219A90D0000C8674D /* Foundation.framework */,
				0B0AAE2419A90D0000C8674D /* CoreGraphics.framework */,
				0B0AAE2619A90D0000C8674D /* UIKit.framework */,
				0B0AAE4119A90D0000C8674D /* XCTest.framework */,
			);
			name = Frameworks;
			sourceTree = "<group>";
		};
		0B0AAE2819A90D0000C8674D /* AddictAid */ = {
			isa = PBXGroup;
			children = (
				0B0AAE3119A90D0000C8674D /* AppDelegate.h */,
				0B0AAE3219A90D0000C8674D /* AppDelegate.m */,
				0B9E31BF19A9250D00C06D82 /* Login | New User View Controllers */,
				0B9E31C619A925B900C06D82 /* Home | Menu View Controllers */,
				0B0F205819AFF510005A9D02 /* Other View Controllers */,
				0B8EAD5219A918BE00A1C8C0 /* Supporting Classes */,
				0B0AAE2919A90D0000C8674D /* Supporting Files */,
			);
			path = AddictAid;
			sourceTree = "<group>";
		};
		0B0AAE2919A90D0000C8674D /* Supporting Files */ = {
			isa = PBXGroup;
			children = (
				0B0F205619AFF485005A9D02 /* quotes.json */,
				0B99959619AFA169002F95D6 /* glossary.json */,
				0B99959819AFA17D002F95D6 /* locations.json */,
				0B99959A19AFA2B3002F95D6 /* NSDictionary+Data.h */,
				0B99959B19AFA2B3002F95D6 /* NSDictionary+Data.m */,
				0B99958E19AF9FA3002F95D6 /* Images */,
				0BE6048B19AD715800BDEE58 /* reveal-icon.png */,
				0B99958C19AF9F97002F95D6 /* reveal-icon@2x.png */,
				0B9E31CC19A92A0000C06D82 /* Avenir_35_Light.ttf */,
				0B0AAE3A19A90D0000C8674D /* Images.xcassets */,
				0B0AAE2A19A90D0000C8674D /* AddictAid-Info.plist */,
				0B0AAE2B19A90D0000C8674D /* InfoPlist.strings */,
				0B0AAE2E19A90D0000C8674D /* main.m */,
				0B0AAE3019A90D0000C8674D /* AddictAid-Prefix.pch */,
			);
			name = "Supporting Files";
			sourceTree = "<group>";
		};
		0B0AAE4719A90D0000C8674D /* AddictAidTests */ = {
			isa = PBXGroup;
			children = (
				0B0AAE4D19A90D0000C8674D /* AddictAidTests.m */,
				0B0AAE4819A90D0000C8674D /* Supporting Files */,
			);
			path = AddictAidTests;
			sourceTree = "<group>";
		};
		0B0AAE4819A90D0000C8674D /* Supporting Files */ = {
			isa = PBXGroup;
			children = (
				0B0AAE4919A90D0000C8674D /* AddictAidTests-Info.plist */,
				0B0AAE4A19A90D0000C8674D /* InfoPlist.strings */,
			);
			name = "Supporting Files";
			sourceTree = "<group>";
		};
		0B0F205819AFF510005A9D02 /* Other View Controllers */ = {
			isa = PBXGroup;
			children = (
				0BE0B12B19CBC4C7001D7DED /* DaysTableViewController.h */,
				0BE0B12C19CBC4C7001D7DED /* DaysTableViewController.m */,
				0B9E31C019A9252A00C06D82 /* MeetingsTableViewController.h */,
				0B9E31C119A9252A00C06D82 /* MeetingsTableViewController.m */,
				0BE9D55319D4EC02000BF875 /* MeetingsDetailViewController.h */,
				0BE9D55419D4EC02000BF875 /* MeetingsDetailViewController.m */,
				0BE6049319AD76CA00BDEE58 /* AboutAddTableViewController.h */,
				0BE6049419AD76CA00BDEE58 /* AboutAddTableViewController.m */,
				0B99959D19AFB98B002F95D6 /* DefinitionDetailViewController.h */,
				0B99959E19AFB98B002F95D6 /* DefinitionDetailViewController.m */,
				0BE6049619AD76DA00BDEE58 /* QuotesTableViewController.h */,
				0BE6049719AD76DA00BDEE58 /* QuotesTableViewController.m */,
				0B0F205919B001EB005A9D02 /* QuoteDetailViewController.h */,
				0B0F205A19B001EB005A9D02 /* QuoteDetailViewController.m */,
				0B7A589719C4EAF800263489 /* ContactFriendViewController.h */,
				0B7A589819C4EAF800263489 /* ContactFriendViewController.m */,
				0BE6049C19AD771800BDEE58 /* ContactUsViewController.h */,
				0BE6049D19AD771800BDEE58 /* ContactUsViewController.m */,
				0B8501E019BB84B2008AD9A9 /* MyProfileViewController.h */,
				0B8501E119BB84B2008AD9A9 /* MyProfileViewController.m */,
				0B9C66A919BBF03B00CC3D6A /* MyMessagesViewController.h */,
				0B9C66AA19BBF03B00CC3D6A /* MyMessagesViewController.m */,
				0B9C66AC19BBF58500CC3D6A /* DetailedMessageViewController.h */,
				0B9C66AD19BBF58500CC3D6A /* DetailedMessageViewController.m */,
				0B9C66A019BBD92000CC3D6A /* UsersListViewController.h */,
				0B9C66A119BBD92000CC3D6A /* UsersListViewController.m */,
				0B9C66A319BBDA6200CC3D6A /* UserDetailViewController.h */,
				0B9C66A419BBDA6200CC3D6A /* UserDetailViewController.m */,
				0B9C66A619BBE63D00CC3D6A /* ContactUserViewController.h */,
				0B9C66A719BBE63D00CC3D6A /* ContactUserViewController.m */,
			);
			name = "Other View Controllers";
			sourceTree = "<group>";
		};
		0B8EAD3519A9185200A1C8C0 /* AFNetworking */ = {
			isa = PBXGroup;
			children = (
				0B8EAD3619A9185200A1C8C0 /* AFHTTPRequestOperation.h */,
				0B8EAD3719A9185200A1C8C0 /* AFHTTPRequestOperation.m */,
				0B8EAD3819A9185200A1C8C0 /* AFHTTPRequestOperationManager.h */,
				0B8EAD3919A9185200A1C8C0 /* AFHTTPRequestOperationManager.m */,
				0B8EAD3A19A9185200A1C8C0 /* AFHTTPSessionManager.h */,
				0B8EAD3B19A9185200A1C8C0 /* AFHTTPSessionManager.m */,
				0B8EAD3C19A9185200A1C8C0 /* AFNetworking.h */,
				0B8EAD3D19A9185200A1C8C0 /* AFNetworkReachabilityManager.h */,
				0B8EAD3E19A9185200A1C8C0 /* AFNetworkReachabilityManager.m */,
				0B8EAD3F19A9185200A1C8C0 /* AFSecurityPolicy.h */,
				0B8EAD4019A9185200A1C8C0 /* AFSecurityPolicy.m */,
				0B8EAD4119A9185200A1C8C0 /* AFURLConnectionOperation.h */,
				0B8EAD4219A9185200A1C8C0 /* AFURLConnectionOperation.m */,
				0B8EAD4319A9185200A1C8C0 /* AFURLRequestSerialization.h */,
				0B8EAD4419A9185200A1C8C0 /* AFURLRequestSerialization.m */,
				0B8EAD4519A9185200A1C8C0 /* AFURLResponseSerialization.h */,
				0B8EAD4619A9185200A1C8C0 /* AFURLResponseSerialization.m */,
				0B8EAD4719A9185200A1C8C0 /* AFURLSessionManager.h */,
				0B8EAD4819A9185200A1C8C0 /* AFURLSessionManager.m */,
			);
			path = AFNetworking;
			sourceTree = "<group>";
		};
		0B8EAD5219A918BE00A1C8C0 /* Supporting Classes */ = {
			isa = PBXGroup;
			children = (
				0B8EAD3519A9185200A1C8C0 /* AFNetworking */,
				0B8EAD5619A918F000A1C8C0 /* MBProgressHUD */,
				0B8EAD5719A9199F00A1C8C0 /* SWRevealViewController */,
				0B9E31BC19A9244700C06D82 /* Constants.h */,
				0B9E31BD19A9244700C06D82 /* Constants.m */,
			);
			name = "Supporting Classes";
			sourceTree = "<group>";
		};
		0B8EAD5619A918F000A1C8C0 /* MBProgressHUD */ = {
			isa = PBXGroup;
			children = (
				0B8EAD5319A918E900A1C8C0 /* MBProgressHUD.h */,
				0B8EAD5419A918E900A1C8C0 /* MBProgressHUD.m */,
			);
			name = MBProgressHUD;
			sourceTree = "<group>";
		};
		0B8EAD5719A9199F00A1C8C0 /* SWRevealViewController */ = {
			isa = PBXGroup;
			children = (
				0B7A589419C4C36700263489 /* SWRevealViewController.h */,
				0B7A589519C4C36700263489 /* SWRevealViewController.m */,
			);
			path = SWRevealViewController;
			sourceTree = "<group>";
		};
		0B99958E19AF9FA3002F95D6 /* Images */ = {
			isa = PBXGroup;
			children = (
				0BE6048F19AD74AB00BDEE58 /* background4.png */,
				0BE6049019AD74AB00BDEE58 /* background5.png */,
				0B8EAD6419A9214D00A1C8C0 /* welcome4.png */,
				0B8EAD6519A9214D00A1C8C0 /* welcome5.png */,
			);
			name = Images;
			sourceTree = "<group>";
		};
		0B9E31BF19A9250D00C06D82 /* Login | New User View Controllers */ = {
			isa = PBXGroup;
			children = (
				0B0AAE3719A90D0000C8674D /* LoginViewController.h */,
				0B0AAE3819A90D0000C8674D /* LoginViewController.m */,
				0B8EAD6119A91D9700A1C8C0 /* NewUserViewController.h */,
				0B8EAD6219A91D9700A1C8C0 /* NewUserViewController.m */,
			);
			name = "Login | New User View Controllers";
			sourceTree = "<group>";
		};
		0B9E31C619A925B900C06D82 /* Home | Menu View Controllers */ = {
			isa = PBXGroup;
			children = (
				0BE6048819AD6BCE00BDEE58 /* HomeViewController.h */,
				0BE6048919AD6BCE00BDEE58 /* HomeViewController.m */,
				0B9E31C319A9257C00C06D82 /* SidebarTableViewController.h */,
				0B9E31C419A9257C00C06D82 /* SidebarTableViewController.m */,
			);
			name = "Home | Menu View Controllers";
			sourceTree = "<group>";
		};
/* End PBXGroup section */

/* Begin PBXNativeTarget section */
		0B0AAE1E19A90D0000C8674D /* AddictAid */ = {
			isa = PBXNativeTarget;
			buildConfigurationList = 0B0AAE5119A90D0000C8674D /* Build configuration list for PBXNativeTarget "AddictAid" */;
			buildPhases = (
				0B0AAE1B19A90D0000C8674D /* Sources */,
				0B0AAE1C19A90D0000C8674D /* Frameworks */,
				0B0AAE1D19A90D0000C8674D /* Resources */,
			);
			buildRules = (
			);
			dependencies = (
			);
			name = AddictAid;
			productName = AddictAid;
			productReference = 0B0AAE1F19A90D0000C8674D /* AddictAid.app */;
			productType = "com.apple.product-type.application";
		};
		0B0AAE3F19A90D0000C8674D /* AddictAidTests */ = {
			isa = PBXNativeTarget;
			buildConfigurationList = 0B0AAE5419A90D0000C8674D /* Build configuration list for PBXNativeTarget "AddictAidTests" */;
			buildPhases = (
				0B0AAE3C19A90D0000C8674D /* Sources */,
				0B0AAE3D19A90D0000C8674D /* Frameworks */,
				0B0AAE3E19A90D0000C8674D /* Resources */,
			);
			buildRules = (
			);
			dependencies = (
				0B0AAE4619A90D0000C8674D /* PBXTargetDependency */,
			);
			name = AddictAidTests;
			productName = AddictAidTests;
			productReference = 0B0AAE4019A90D0000C8674D /* AddictAidTests.xctest */;
			productType = "com.apple.product-type.bundle.unit-test";
		};
/* End PBXNativeTarget section */

/* Begin PBXProject section */
		0B0AAE1719A90D0000C8674D /* Project object */ = {
			isa = PBXProject;
			attributes = {
				LastUpgradeCheck = 0510;
				ORGANIZATIONNAME = "Justin Rowe";
				TargetAttributes = {
					0B0AAE1E19A90D0000C8674D = {
						SystemCapabilities = {
							com.apple.iOS = {
								enabled = 1;
							};
						};
					};
					0B0AAE3F19A90D0000C8674D = {
						TestTargetID = 0B0AAE1E19A90D0000C8674D;
					};
				};
			};
			buildConfigurationList = 0B0AAE1A19A90D0000C8674D /* Build configuration list for PBXProject "AddictAid" */;
			compatibilityVersion = "Xcode 3.2";
			developmentRegion = English;
			hasScannedForEncodings = 0;
			knownRegions = (
				en,
				Base,
			);
			mainGroup = 0B0AAE1619A90D0000C8674D;
			productRefGroup = 0B0AAE2019A90D0000C8674D /* Products */;
			projectDirPath = "";
			projectRoot = "";
			targets = (
				0B0AAE1E19A90D0000C8674D /* AddictAid */,
				0B0AAE3F19A90D0000C8674D /* AddictAidTests */,
			);
		};
/* End PBXProject section */

/* Begin PBXResourcesBuildPhase section */
		0B0AAE1D19A90D0000C8674D /* Resources */ = {
			isa = PBXResourcesBuildPhase;
			buildActionMask = 2147483647;
			files = (
				0B0F205719AFF485005A9D02 /* quotes.json in Resources */,
				0B99959919AFA17D002F95D6 /* locations.json in Resources */,
				0B99959719AFA169002F95D6 /* glossary.json in Resources */,
				0B9E31CD19A92A0000C06D82 /* Avenir_35_Light.ttf in Resources */,
				0BE6049219AD74AB00BDEE58 /* background5.png in Resources */,
				0B0AAE3B19A90D0000C8674D /* Images.xcassets in Resources */,
				0B8EAD6719A9214D00A1C8C0 /* welcome5.png in Resources */,
				0B0AAE2D19A90D0000C8674D /* InfoPlist.strings in Resources */,
				0B99958D19AF9F97002F95D6 /* reveal-icon@2x.png in Resources */,
				0B8EAD6619A9214D00A1C8C0 /* welcome4.png in Resources */,
				0BE6049119AD74AB00BDEE58 /* background4.png in Resources */,
				0BE6048D19AD715800BDEE58 /* reveal-icon.png in Resources */,
			);
			runOnlyForDeploymentPostprocessing = 0;
		};
		0B0AAE3E19A90D0000C8674D /* Resources */ = {
			isa = PBXResourcesBuildPhase;
			buildActionMask = 2147483647;
			files = (
				0B0AAE4C19A90D0000C8674D /* InfoPlist.strings in Resources */,
			);
			runOnlyForDeploymentPostprocessing = 0;
		};
/* End PBXResourcesBuildPhase section */

/* Begin PBXSourcesBuildPhase section */
		0B0AAE1B19A90D0000C8674D /* Sources */ = {
			isa = PBXSourcesBuildPhase;
			buildActionMask = 2147483647;
			files = (
				0B8EAD4919A9185200A1C8C0 /* AFHTTPRequestOperation.m in Sources */,
				0BE9D55519D4EC02000BF875 /* MeetingsDetailViewController.m in Sources */,
				0BE6049819AD76DA00BDEE58 /* QuotesTableViewController.m in Sources */,
				0B8501E219BB84B2008AD9A9 /* MyProfileViewController.m in Sources */,
				0B99959C19AFA2B3002F95D6 /* NSDictionary+Data.m in Sources */,
				0B0AAE3919A90D0000C8674D /* LoginViewController.m in Sources */,
				0B8EAD4A19A9185200A1C8C0 /* AFHTTPRequestOperationManager.m in Sources */,
				0B9E31C219A9252A00C06D82 /* MeetingsTableViewController.m in Sources */,
				0B9E31BE19A9244700C06D82 /* Constants.m in Sources */,
				0B8EAD4C19A9185200A1C8C0 /* AFNetworkReachabilityManager.m in Sources */,
				0B8EAD6319A91D9700A1C8C0 /* NewUserViewController.m in Sources */,
				0B9C66AE19BBF58500CC3D6A /* DetailedMessageViewController.m in Sources */,
				0B99959F19AFB98B002F95D6 /* DefinitionDetailViewController.m in Sources */,
				0B0F205B19B001EB005A9D02 /* QuoteDetailViewController.m in Sources */,
				0B8EAD5019A9185200A1C8C0 /* AFURLResponseSerialization.m in Sources */,
				0B8EAD4E19A9185200A1C8C0 /* AFURLConnectionOperation.m in Sources */,
				0B9C66A219BBD92000CC3D6A /* UsersListViewController.m in Sources */,
				0B9C66A819BBE63D00CC3D6A /* ContactUserViewController.m in Sources */,
				0B8EAD4D19A9185200A1C8C0 /* AFSecurityPolicy.m in Sources */,
				0BE6049519AD76CA00BDEE58 /* AboutAddTableViewController.m in Sources */,
				0BE0B12D19CBC4C7001D7DED /* DaysTableViewController.m in Sources */,
				0BE6049E19AD771800BDEE58 /* ContactUsViewController.m in Sources */,
				0B8EAD4B19A9185200A1C8C0 /* AFHTTPSessionManager.m in Sources */,
				0B8EAD4F19A9185200A1C8C0 /* AFURLRequestSerialization.m in Sources */,
				0B8EAD5519A918E900A1C8C0 /* MBProgressHUD.m in Sources */,
				0B9C66A519BBDA6200CC3D6A /* UserDetailViewController.m in Sources */,
				0B7A589619C4C36700263489 /* SWRevealViewController.m in Sources */,
				0B9C66AB19BBF03B00CC3D6A /* MyMessagesViewController.m in Sources */,
				0B8EAD5119A9185200A1C8C0 /* AFURLSessionManager.m in Sources */,
				0B7A589919C4EAF800263489 /* ContactFriendViewController.m in Sources */,
				0B0AAE3319A90D0000C8674D /* AppDelegate.m in Sources */,
				0B9E31C519A9257C00C06D82 /* SidebarTableViewController.m in Sources */,
				0BE6048A19AD6BCE00BDEE58 /* HomeViewController.m in Sources */,
				0B0AAE2F19A90D0000C8674D /* main.m in Sources */,
			);
			runOnlyForDeploymentPostprocessing = 0;
		};
		0B0AAE3C19A90D0000C8674D /* Sources */ = {
			isa = PBXSourcesBuildPhase;
			buildActionMask = 2147483647;
			files = (
				0B0AAE4E19A90D0000C8674D /* AddictAidTests.m in Sources */,
			);
			runOnlyForDeploymentPostprocessing = 0;
		};
/* End PBXSourcesBuildPhase section */

/* Begin PBXTargetDependency section */
		0B0AAE4619A90D0000C8674D /* PBXTargetDependency */ = {
			isa = PBXTargetDependency;
			target = 0B0AAE1E19A90D0000C8674D /* AddictAid */;
			targetProxy = 0B0AAE4519A90D0000C8674D /* PBXContainerItemProxy */;
		};
/* End PBXTargetDependency section */

/* Begin PBXVariantGroup section */
		0B0AAE2B19A90D0000C8674D /* InfoPlist.strings */ = {
			isa = PBXVariantGroup;
			children = (
				0B0AAE2C19A90D0000C8674D /* en */,
			);
			name = InfoPlist.strings;
			sourceTree = "<group>";
		};
		0B0AAE4A19A90D0000C8674D /* InfoPlist.strings */ = {
			isa = PBXVariantGroup;
			children = (
				0B0AAE4B19A90D0000C8674D /* en */,
			);
			name = InfoPlist.strings;
			sourceTree = "<group>";
		};
/* End PBXVariantGroup section */

/* Begin XCBuildConfiguration section */
		0B0AAE4F19A90D0000C8674D /* Debug */ = {
			isa = XCBuildConfiguration;
			buildSettings = {
				ALWAYS_SEARCH_USER_PATHS = NO;
				CLANG_CXX_LANGUAGE_STANDARD = "gnu++0x";
				CLANG_CXX_LIBRARY = "libc++";
				CLANG_ENABLE_MODULES = YES;
				CLANG_ENABLE_OBJC_ARC = YES;
				CLANG_WARN_BOOL_CONVERSION = YES;
				CLANG_WARN_CONSTANT_CONVERSION = YES;
				CLANG_WARN_DIRECT_OBJC_ISA_USAGE = YES_ERROR;
				CLANG_WARN_EMPTY_BODY = YES;
				CLANG_WARN_ENUM_CONVERSION = YES;
				CLANG_WARN_INT_CONVERSION = YES;
				CLANG_WARN_OBJC_ROOT_CLASS = YES_ERROR;
				CLANG_WARN__DUPLICATE_METHOD_MATCH = YES;
				"CODE_SIGN_IDENTITY[sdk=iphoneos*]" = "iPhone Developer";
				COPY_PHASE_STRIP = NO;
				GCC_C_LANGUAGE_STANDARD = gnu99;
				GCC_DYNAMIC_NO_PIC = NO;
				GCC_OPTIMIZATION_LEVEL = 0;
				GCC_PREPROCESSOR_DEFINITIONS = (
					"DEBUG=1",
					"$(inherited)",
				);
				GCC_SYMBOLS_PRIVATE_EXTERN = NO;
				GCC_WARN_64_TO_32_BIT_CONVERSION = YES;
				GCC_WARN_ABOUT_RETURN_TYPE = YES_ERROR;
				GCC_WARN_UNDECLARED_SELECTOR = YES;
				GCC_WARN_UNINITIALIZED_AUTOS = YES_AGGRESSIVE;
				GCC_WARN_UNUSED_FUNCTION = YES;
				GCC_WARN_UNUSED_VARIABLE = YES;
				IPHONEOS_DEPLOYMENT_TARGET = 7.0;
				ONLY_ACTIVE_ARCH = YES;
				SDKROOT = iphoneos;
			};
			name = Debug;
		};
		0B0AAE5019A90D0000C8674D /* Release */ = {
			isa = XCBuildConfiguration;
			buildSettings = {
				ALWAYS_SEARCH_USER_PATHS = NO;
				CLANG_CXX_LANGUAGE_STANDARD = "gnu++0x";
				CLANG_CXX_LIBRARY = "libc++";
				CLANG_ENABLE_MODULES = YES;
				CLANG_ENABLE_OBJC_ARC = YES;
				CLANG_WARN_BOOL_CONVERSION = YES;
				CLANG_WARN_CONSTANT_CONVERSION = YES;
				CLANG_WARN_DIRECT_OBJC_ISA_USAGE = YES_ERROR;
				CLANG_WARN_EMPTY_BODY = YES;
				CLANG_WARN_ENUM_CONVERSION = YES;
				CLANG_WARN_INT_CONVERSION = YES;
				CLANG_WARN_OBJC_ROOT_CLASS = YES_ERROR;
				CLANG_WARN__DUPLICATE_METHOD_MATCH = YES;
				"CODE_SIGN_IDENTITY[sdk=iphoneos*]" = "iPhone Developer";
				COPY_PHASE_STRIP = YES;
				ENABLE_NS_ASSERTIONS = NO;
				GCC_C_LANGUAGE_STANDARD = gnu99;
				GCC_WARN_64_TO_32_BIT_CONVERSION = YES;
				GCC_WARN_ABOUT_RETURN_TYPE = YES_ERROR;
				GCC_WARN_UNDECLARED_SELECTOR = YES;
				GCC_WARN_UNINITIALIZED_AUTOS = YES_AGGRESSIVE;
				GCC_WARN_UNUSED_FUNCTION = YES;
				GCC_WARN_UNUSED_VARIABLE = YES;
				IPHONEOS_DEPLOYMENT_TARGET = 7.0;
				SDKROOT = iphoneos;
				VALIDATE_PRODUCT = YES;
			};
			name = Release;
		};
		0B0AAE5219A90D0000C8674D /* Debug */ = {
			isa = XCBuildConfiguration;
			buildSettings = {
				ASSETCATALOG_COMPILER_APPICON_NAME = AppIcon;
				ASSETCATALOG_COMPILER_LAUNCHIMAGE_NAME = LaunchImage;
				FRAMEWORK_SEARCH_PATHS = (
					"$(inherited)",
					"$(PROJECT_DIR)",
				);
				GCC_PRECOMPILE_PREFIX_HEADER = YES;
				GCC_PREFIX_HEADER = "AddictAid/AddictAid-Prefix.pch";
				INFOPLIST_FILE = "AddictAid/AddictAid-Info.plist";
				IPHONEOS_DEPLOYMENT_TARGET = 7.0;
				PRODUCT_NAME = "$(TARGET_NAME)";
				WRAPPER_EXTENSION = app;
			};
			name = Debug;
		};
		0B0AAE5319A90D0000C8674D /* Release */ = {
			isa = XCBuildConfiguration;
			buildSettings = {
				ASSETCATALOG_COMPILER_APPICON_NAME = AppIcon;
				ASSETCATALOG_COMPILER_LAUNCHIMAGE_NAME = LaunchImage;
				FRAMEWORK_SEARCH_PATHS = (
					"$(inherited)",
					"$(PROJECT_DIR)",
				);
				GCC_PRECOMPILE_PREFIX_HEADER = YES;
				GCC_PREFIX_HEADER = "AddictAid/AddictAid-Prefix.pch";
				INFOPLIST_FILE = "AddictAid/AddictAid-Info.plist";
				IPHONEOS_DEPLOYMENT_TARGET = 7.0;
				PRODUCT_NAME = "$(TARGET_NAME)";
				WRAPPER_EXTENSION = app;
			};
			name = Release;
		};
		0B0AAE5519A90D0000C8674D /* Debug */ = {
			isa = XCBuildConfiguration;
			buildSettings = {
				BUNDLE_LOADER = "$(BUILT_PRODUCTS_DIR)/AddictAid.app/AddictAid";
				FRAMEWORK_SEARCH_PATHS = (
					"$(SDKROOT)/Developer/Library/Frameworks",
					"$(inherited)",
					"$(DEVELOPER_FRAMEWORKS_DIR)",
				);
				GCC_PRECOMPILE_PREFIX_HEADER = YES;
				GCC_PREFIX_HEADER = "AddictAid/AddictAid-Prefix.pch";
				GCC_PREPROCESSOR_DEFINITIONS = (
					"DEBUG=1",
					"$(inherited)",
				);
				INFOPLIST_FILE = "AddictAidTests/AddictAidTests-Info.plist";
				PRODUCT_NAME = "$(TARGET_NAME)";
				TEST_HOST = "$(BUNDLE_LOADER)";
				WRAPPER_EXTENSION = xctest;
			};
			name = Debug;
		};
		0B0AAE5619A90D0000C8674D /* Release */ = {
			isa = XCBuildConfiguration;
			buildSettings = {
				BUNDLE_LOADER = "$(BUILT_PRODUCTS_DIR)/AddictAid.app/AddictAid";
				FRAMEWORK_SEARCH_PATHS = (
					"$(SDKROOT)/Developer/Library/Frameworks",
					"$(inherited)",
					"$(DEVELOPER_FRAMEWORKS_DIR)",
				);
				GCC_PRECOMPILE_PREFIX_HEADER = YES;
				GCC_PREFIX_HEADER = "AddictAid/AddictAid-Prefix.pch";
				INFOPLIST_FILE = "AddictAidTests/AddictAidTests-Info.plist";
				PRODUCT_NAME = "$(TARGET_NAME)";
				TEST_HOST = "$(BUNDLE_LOADER)";
				WRAPPER_EXTENSION = xctest;
			};
			name = Release;
		};
/* End XCBuildConfiguration section */

/* Begin XCConfigurationList section */
		0B0AAE1A19A90D0000C8674D /* Build configuration list for PBXProject "AddictAid" */ = {
			isa = XCConfigurationList;
			buildConfigurations = (
				0B0AAE4F19A90D0000C8674D /* Debug */,
				0B0AAE5019A90D0000C8674D /* Release */,
			);
			defaultConfigurationIsVisible = 0;
			defaultConfigurationName = Release;
		};
		0B0AAE5119A90D0000C8674D /* Build configuration list for PBXNativeTarget "AddictAid" */ = {
			isa = XCConfigurationList;
			buildConfigurations = (
				0B0AAE5219A90D0000C8674D /* Debug */,
				0B0AAE5319A90D0000C8674D /* Release */,
			);
			defaultConfigurationIsVisible = 0;
			defaultConfigurationName = Release;
		};
		0B0AAE5419A90D0000C8674D /* Build configuration list for PBXNativeTarget "AddictAidTests" */ = {
			isa = XCConfigurationList;
			buildConfigurations = (
				0B0AAE5519A90D0000C8674D /* Debug */,
				0B0AAE5619A90D0000C8674D /* Release */,
			);
			defaultConfigurationIsVisible = 0;
			defaultConfigurationName = Release;
		};
/* End XCConfigurationList section */
	};
	rootObject = 0B0AAE1719A90D0000C8674D /* Project object */;
}
